
Microsoft Visual Studio Solution File, Format Version 12.00
# Visual Studio 15
VisualStudioVersion = 15.0.28307.421
MinimumVisualStudioVersion = 10.0.40219.1
Project("{FAE04EC0-301F-11D3-BF4B-00C04F79EFBC}") = "VisualMouse", "VisualMouse\VisualMouse.csproj", "{E9C62DEA-30A6-406C-9060-C60AC3A442BF}"
EndProject
Global
	GlobalSection(SolutionConfigurationPlatforms) = preSolution
		Debug|Any CPU = Debug|Any CPU
		Release|Any CPU = Release|Any CPU
	EndGlobalSection
	GlobalSection(ProjectConfigurationPlatforms) = postSolution
		{E9C62DEA-30A6-406C-9060-C60AC3A442BF}.Debug|Any CPU.ActiveCfg = Debug|Any CPU
		{E9C62DEA-30A6-406C-9060-C60AC3A442BF}.Debug|Any CPU.Build.0 = Debug|Any CPU
		{E9C62DEA-30A6-406C-9060-C60AC3A442BF}.Release|Any CPU.ActiveCfg = Release|Any CPU
		{E9C62DEA-30A6-406C-9060-C60AC3A442BF}.Release|Any CPU.Build.0 = Release|Any CPU
	EndGlobalSection
	GlobalSection(SolutionProperties) = preSolution
		HideSolutionNode = FALSE
	EndGlobalSection
	GlobalSection(ExtensibilityGlobals) = postSolution
		SolutionGuid = {F6EDDB55-3E37-4AEA-A081-E432EC9E0603}
	EndGlobalSection
EndGlobal
